
Microsoft Visual Studio Solution File, Format Version 12.00
# Visual Studio Version 17
VisualStudioVersion = 17.5.33516.290
MinimumVisualStudioVersion = 10.0.40219.1
Project("{2150E333-8FDC-42A3-9474-1A3956D46DE8}") = "Microservices", "Microservices", "{FA464902-39F4-4956-87AE-B563F82747FC}"
EndProject
Project("{9A19103F-16F7-4668-BE54-9A1E7A4F7556}") = "Hospital.G166.Patient", "Hospital.G166.Patient\Hospital.G166.Patient.csproj", "{15C29F0B-B539-48EC-A907-16C0B4CABCE3}"
EndProject
Project("{9A19103F-16F7-4668-BE54-9A1E7A4F7556}") = "Hospital.G166.Doctor", "Hospital.G166.Doctor\Hospital.G166.Doctor.csproj", "{A7A0B90B-78DC-4F63-8351-0A4106C59E0E}"
EndProject
Project("{FAE04EC0-301F-11D3-BF4B-00C04F79EFBC}") = "Hospital.G166.Nurse", "Hospital.G166.Nurse\Hospital.G166.Nurse.csproj", "{A9E7A2EE-4B06-4349-AA2B-48E3F3E4C9B0}"
EndProject
Global
	GlobalSection(SolutionConfigurationPlatforms) = preSolution
		Debug|Any CPU = Debug|Any CPU
		Release|Any CPU = Release|Any CPU
	EndGlobalSection
	GlobalSection(ProjectConfigurationPlatforms) = postSolution
		{15C29F0B-B539-48EC-A907-16C0B4CABCE3}.Debug|Any CPU.ActiveCfg = Debug|Any CPU
		{15C29F0B-B539-48EC-A907-16C0B4CABCE3}.Debug|Any CPU.Build.0 = Debug|Any CPU
		{15C29F0B-B539-48EC-A907-16C0B4CABCE3}.Release|Any CPU.ActiveCfg = Release|Any CPU
		{15C29F0B-B539-48EC-A907-16C0B4CABCE3}.Release|Any CPU.Build.0 = Release|Any CPU
		{A7A0B90B-78DC-4F63-8351-0A4106C59E0E}.Debug|Any CPU.ActiveCfg = Debug|Any CPU
		{A7A0B90B-78DC-4F63-8351-0A4106C59E0E}.Debug|Any CPU.Build.0 = Debug|Any CPU
		{A7A0B90B-78DC-4F63-8351-0A4106C59E0E}.Release|Any CPU.ActiveCfg = Release|Any CPU
		{A7A0B90B-78DC-4F63-8351-0A4106C59E0E}.Release|Any CPU.Build.0 = Release|Any CPU
		{A9E7A2EE-4B06-4349-AA2B-48E3F3E4C9B0}.Debug|Any CPU.ActiveCfg = Debug|Any CPU
		{A9E7A2EE-4B06-4349-AA2B-48E3F3E4C9B0}.Debug|Any CPU.Build.0 = Debug|Any CPU
		{A9E7A2EE-4B06-4349-AA2B-48E3F3E4C9B0}.Release|Any CPU.ActiveCfg = Release|Any CPU
		{A9E7A2EE-4B06-4349-AA2B-48E3F3E4C9B0}.Release|Any CPU.Build.0 = Release|Any CPU
	EndGlobalSection
	GlobalSection(SolutionProperties) = preSolution
		HideSolutionNode = FALSE
	EndGlobalSection
	GlobalSection(NestedProjects) = preSolution
		{15C29F0B-B539-48EC-A907-16C0B4CABCE3} = {FA464902-39F4-4956-87AE-B563F82747FC}
		{A7A0B90B-78DC-4F63-8351-0A4106C59E0E} = {FA464902-39F4-4956-87AE-B563F82747FC}
		{A9E7A2EE-4B06-4349-AA2B-48E3F3E4C9B0} = {FA464902-39F4-4956-87AE-B563F82747FC}
	EndGlobalSection
	GlobalSection(ExtensibilityGlobals) = postSolution
		SolutionGuid = {1E4C94F4-4EE4-4477-9357-07182A1D9BB7}
	EndGlobalSection
EndGlobal
